
Microsoft Visual Studio Solution File, Format Version 12.00
# Visual Studio Version 17
VisualStudioVersion = 17.11.35327.3
MinimumVisualStudioVersion = 10.0.40219.1
Project("{FAE04EC0-301F-11D3-BF4B-00C04F79EFBC}") = "WPF File Explorer", "WPF File Explorer\WPF File Explorer.csproj", "{CC0E767B-3803-430A-B1D1-A67C3B88A02D}"
EndProject
Global
	GlobalSection(SolutionConfigurationPlatforms) = preSolution
		Debug|Any CPU = Debug|Any CPU
		Release|Any CPU = Release|Any CPU
	EndGlobalSection
	GlobalSection(ProjectConfigurationPlatforms) = postSolution
		{CC0E767B-3803-430A-B1D1-A67C3B88A02D}.Debug|Any CPU.ActiveCfg = Debug|Any CPU
		{CC0E767B-3803-430A-B1D1-A67C3B88A02D}.Debug|Any CPU.Build.0 = Debug|Any CPU
		{CC0E767B-3803-430A-B1D1-A67C3B88A02D}.Release|Any CPU.ActiveCfg = Release|Any CPU
		{CC0E767B-3803-430A-B1D1-A67C3B88A02D}.Release|Any CPU.Build.0 = Release|Any CPU
	EndGlobalSection
	GlobalSection(SolutionProperties) = preSolution
		HideSolutionNode = FALSE
	EndGlobalSection
	GlobalSection(ExtensibilityGlobals) = postSolution
		SolutionGuid = {F7673F7D-AA0B-4610-8AFC-137C62AE8082}
	EndGlobalSection
EndGlobal
